<Solution>
  <Folder Name="/src/">
    <Project Path="NotificationService/NotificationService.csproj" />
    <Project Path="OrderCreated/OrderCreated.csproj" />
    <Project Path="OrderProcessor/OrderProcessor.csproj" />
    <Project Path="OrderService/OrderService.csproj" />
    <Project Path="Shared.Contracts/Shared.Contracts.csproj" />
  </Folder>
</Solution>
